// !$*UTF8*$!
{
	archiveVersion = 1;
	classes = {
	};
	objectVersion = 55;
	objects = {

/* Begin PBXBuildFile section */
		095BA85929DBA70500FABAA8 /* AppDelegate.swift in Sources */ = {isa = PBXBuildFile; fileRef = 095BA85829DBA70500FABAA8 /* AppDelegate.swift */; };
		095BA85B29DBA70500FABAA8 /* SceneDelegate.swift in Sources */ = {isa = PBXBuildFile; fileRef = 095BA85A29DBA70500FABAA8 /* SceneDelegate.swift */; };
		095BA85D29DBA70500FABAA8 /* ViewController.swift in Sources */ = {isa = PBXBuildFile; fileRef = 095BA85C29DBA70500FABAA8 /* ViewController.swift */; };
		095BA86029DBA70500FABAA8 /* Main.storyboard in Resources */ = {isa = PBXBuildFile; fileRef = 095BA85E29DBA70500FABAA8 /* Main.storyboard */; };
		095BA86229DBA70600FABAA8 /* Assets.xcassets in Resources */ = {isa = PBXBuildFile; fileRef = 095BA86129DBA70600FABAA8 /* Assets.xcassets */; };
		095BA86529DBA70600FABAA8 /* LaunchScreen.storyboard in Resources */ = {isa = PBXBuildFile; fileRef = 095BA86329DBA70600FABAA8 /* LaunchScreen.storyboard */; };
		095BA86D29DBA85200FABAA8 /* BasicUse.swift in Sources */ = {isa = PBXBuildFile; fileRef = 095BA86C29DBA85200FABAA8 /* BasicUse.swift */; };
		095BA87029DBAA2400FABAA8 /* NamedRegistration.swift in Sources */ = {isa = PBXBuildFile; fileRef = 095BA86F29DBAA2400FABAA8 /* NamedRegistration.swift */; };
		095BA87229DBAB0E00FABAA8 /* InitializationCallback.swift in Sources */ = {isa = PBXBuildFile; fileRef = 095BA87129DBAB0E00FABAA8 /* InitializationCallback.swift */; };
		095BA87429DBAC4000FABAA8 /* InjectablePatterns.swift in Sources */ = {isa = PBXBuildFile; fileRef = 095BA87329DBAC4000FABAA8 /* InjectablePatterns.swift */; };
		097984E729EA3E25001ABF5B /* CircleDependencies.swift in Sources */ = {isa = PBXBuildFile; fileRef = 097984E629EA3E25001ABF5B /* CircleDependencies.swift */; };
		097984E929EA427B001ABF5B /* ObjectScopes.swift in Sources */ = {isa = PBXBuildFile; fileRef = 097984E829EA427B001ABF5B /* ObjectScopes.swift */; };
		097984EC29EB86FA001ABF5B /* ContainerHierarchy.swift in Sources */ = {isa = PBXBuildFile; fileRef = 097984EB29EB86FA001ABF5B /* ContainerHierarchy.swift */; };
		097984EE29EB8E35001ABF5B /* Assembly.swift in Sources */ = {isa = PBXBuildFile; fileRef = 097984ED29EB8E35001ABF5B /* Assembly.swift */; };
		097984F029EB998C001ABF5B /* ThreadSafety.swift in Sources */ = {isa = PBXBuildFile; fileRef = 097984EF29EB998C001ABF5B /* ThreadSafety.swift */; };
		2B05FE642A208B5A00E20C0C /* PropertyWrapper.swift in Sources */ = {isa = PBXBuildFile; fileRef = 2B05FE632A208B5A00E20C0C /* PropertyWrapper.swift */; };
		7DE615D6E6B20C25D4487DC1 /* Pods_SwinjectDemo.framework in Frameworks */ = {isa = PBXBuildFile; fileRef = EE0934631E7E3CA89195D83A /* Pods_SwinjectDemo.framework */; };
/* End PBXBuildFile section */

/* Begin PBXFileReference section */
		0124933DAC0909452C7C4FD5 /* Pods-SwinjectDemo.release.xcconfig */ = {isa = PBXFileReference; includeInIndex = 1; lastKnownFileType = text.xcconfig; name = "Pods-SwinjectDemo.release.xcconfig"; path = "Target Support Files/Pods-SwinjectDemo/Pods-SwinjectDemo.release.xcconfig"; sourceTree = "<group>"; };
		095BA85529DBA70500FABAA8 /* SwinjectDemo.app */ = {isa = PBXFileReference; explicitFileType = wrapper.application; includeInIndex = 0; path = SwinjectDemo.app; sourceTree = BUILT_PRODUCTS_DIR; };
		095BA85829DBA70500FABAA8 /* AppDelegate.swift */ = {isa = PBXFileReference; lastKnownFileType = sourcecode.swift; path = AppDelegate.swift; sourceTree = "<group>"; };
		095BA85A29DBA70500FABAA8 /* SceneDelegate.swift */ = {isa = PBXFileReference; lastKnownFileType = sourcecode.swift; path = SceneDelegate.swift; sourceTree = "<group>"; };
		095BA85C29DBA70500FABAA8 /* ViewController.swift */ = {isa = PBXFileReference; lastKnownFileType = sourcecode.swift; path = ViewController.swift; sourceTree = "<group>"; };
		095BA85F29DBA70500FABAA8 /* Base */ = {isa = PBXFileReference; lastKnownFileType = file.storyboard; name = Base; path = Base.lproj/Main.storyboard; sourceTree = "<group>"; };
		095BA86129DBA70600FABAA8 /* Assets.xcassets */ = {isa = PBXFileReference; lastKnownFileType = folder.assetcatalog; path = Assets.xcassets; sourceTree = "<group>"; };
		095BA86429DBA70600FABAA8 /* Base */ = {isa = PBXFileReference; lastKnownFileType = file.storyboard; name = Base; path = Base.lproj/LaunchScreen.storyboard; sourceTree = "<group>"; };
		095BA86629DBA70600FABAA8 /* Info.plist */ = {isa = PBXFileReference; lastKnownFileType = text.plist.xml; path = Info.plist; sourceTree = "<group>"; };
		095BA86C29DBA85200FABAA8 /* BasicUse.swift */ = {isa = PBXFileReference; lastKnownFileType = sourcecode.swift; path = BasicUse.swift; sourceTree = "<group>"; };
		095BA86F29DBAA2400FABAA8 /* NamedRegistration.swift */ = {isa = PBXFileReference; lastKnownFileType = sourcecode.swift; path = NamedRegistration.swift; sourceTree = "<group>"; };
		095BA87129DBAB0E00FABAA8 /* InitializationCallback.swift */ = {isa = PBXFileReference; lastKnownFileType = sourcecode.swift; path = InitializationCallback.swift; sourceTree = "<group>"; };
		095BA87329DBAC4000FABAA8 /* InjectablePatterns.swift */ = {isa = PBXFileReference; lastKnownFileType = sourcecode.swift; path = InjectablePatterns.swift; sourceTree = "<group>"; };
		097984E629EA3E25001ABF5B /* CircleDependencies.swift */ = {isa = PBXFileReference; lastKnownFileType = sourcecode.swift; path = CircleDependencies.swift; sourceTree = "<group>"; };
		097984E829EA427B001ABF5B /* ObjectScopes.swift */ = {isa = PBXFileReference; lastKnownFileType = sourcecode.swift; path = ObjectScopes.swift; sourceTree = "<group>"; };
		097984EB29EB86FA001ABF5B /* ContainerHierarchy.swift */ = {isa = PBXFileReference; lastKnownFileType = sourcecode.swift; path = ContainerHierarchy.swift; sourceTree = "<group>"; };
		097984ED29EB8E35001ABF5B /* Assembly.swift */ = {isa = PBXFileReference; lastKnownFileType = sourcecode.swift; path = Assembly.swift; sourceTree = "<group>"; };
		097984EF29EB998C001ABF5B /* ThreadSafety.swift */ = {isa = PBXFileReference; lastKnownFileType = sourcecode.swift; path = ThreadSafety.swift; sourceTree = "<group>"; };
		2B05FE632A208B5A00E20C0C /* PropertyWrapper.swift */ = {isa = PBXFileReference; lastKnownFileType = sourcecode.swift; path = PropertyWrapper.swift; sourceTree = "<group>"; };
		6BFF41A72BC0F82E41F6E169 /* Pods-SwinjectDemo.debug.xcconfig */ = {isa = PBXFileReference; includeInIndex = 1; lastKnownFileType = text.xcconfig; name = "Pods-SwinjectDemo.debug.xcconfig"; path = "Target Support Files/Pods-SwinjectDemo/Pods-SwinjectDemo.debug.xcconfig"; sourceTree = "<group>"; };
		EE0934631E7E3CA89195D83A /* Pods_SwinjectDemo.framework */ = {isa = PBXFileReference; explicitFileType = wrapper.framework; includeInIndex = 0; path = Pods_SwinjectDemo.framework; sourceTree = BUILT_PRODUCTS_DIR; };
/* End PBXFileReference section */

/* Begin PBXFrameworksBuildPhase section */
		095BA85229DBA70500FABAA8 /* Frameworks */ = {
			isa = PBXFrameworksBuildPhase;
			buildActionMask = 2147483647;
			files = (
				7DE615D6E6B20C25D4487DC1 /* Pods_SwinjectDemo.framework in Frameworks */,
			);
			runOnlyForDeploymentPostprocessing = 0;
		};
/* End PBXFrameworksBuildPhase section */

/* Begin PBXGroup section */
		095BA84C29DBA70500FABAA8 = {
			isa = PBXGroup;
			children = (
				095BA85729DBA70500FABAA8 /* SwinjectDemo */,
				095BA85629DBA70500FABAA8 /* Products */,
				F354EEAB190F7C664475BE40 /* Pods */,
				B67280EBDF5E9C15DF227BF3 /* Frameworks */,
			);
			sourceTree = "<group>";
		};
		095BA85629DBA70500FABAA8 /* Products */ = {
			isa = PBXGroup;
			children = (
				095BA85529DBA70500FABAA8 /* SwinjectDemo.app */,
			);
			name = Products;
			sourceTree = "<group>";
		};
		095BA85729DBA70500FABAA8 /* SwinjectDemo */ = {
			isa = PBXGroup;
			children = (
				097984EA29EB86E0001ABF5B /* Advance */,
				095BA86E29DBAA0700FABAA8 /* Basic */,
				095BA85829DBA70500FABAA8 /* AppDelegate.swift */,
				095BA85A29DBA70500FABAA8 /* SceneDelegate.swift */,
				095BA85C29DBA70500FABAA8 /* ViewController.swift */,
				095BA85E29DBA70500FABAA8 /* Main.storyboard */,
				095BA86129DBA70600FABAA8 /* Assets.xcassets */,
				095BA86329DBA70600FABAA8 /* LaunchScreen.storyboard */,
				095BA86629DBA70600FABAA8 /* Info.plist */,
			);
			path = SwinjectDemo;
			sourceTree = "<group>";
		};
		095BA86E29DBAA0700FABAA8 /* Basic */ = {
			isa = PBXGroup;
			children = (
				095BA86C29DBA85200FABAA8 /* BasicUse.swift */,
				095BA86F29DBAA2400FABAA8 /* NamedRegistration.swift */,
				095BA87129DBAB0E00FABAA8 /* InitializationCallback.swift */,
				095BA87329DBAC4000FABAA8 /* InjectablePatterns.swift */,
				097984E629EA3E25001ABF5B /* CircleDependencies.swift */,
				097984E829EA427B001ABF5B /* ObjectScopes.swift */,
			);
			path = Basic;
			sourceTree = "<group>";
		};
		097984EA29EB86E0001ABF5B /* Advance */ = {
			isa = PBXGroup;
			children = (
				097984EB29EB86FA001ABF5B /* ContainerHierarchy.swift */,
				097984ED29EB8E35001ABF5B /* Assembly.swift */,
				097984EF29EB998C001ABF5B /* ThreadSafety.swift */,
				2B05FE632A208B5A00E20C0C /* PropertyWrapper.swift */,
			);
			path = Advance;
			sourceTree = "<group>";
		};
		B67280EBDF5E9C15DF227BF3 /* Frameworks */ = {
			isa = PBXGroup;
			children = (
				EE0934631E7E3CA89195D83A /* Pods_SwinjectDemo.framework */,
			);
			name = Frameworks;
			sourceTree = "<group>";
		};
		F354EEAB190F7C664475BE40 /* Pods */ = {
			isa = PBXGroup;
			children = (
				6BFF41A72BC0F82E41F6E169 /* Pods-SwinjectDemo.debug.xcconfig */,
				0124933DAC0909452C7C4FD5 /* Pods-SwinjectDemo.release.xcconfig */,
			);
			path = Pods;
			sourceTree = "<group>";
		};
/* End PBXGroup section */

/* Begin PBXNativeTarget section */
		095BA85429DBA70500FABAA8 /* SwinjectDemo */ = {
			isa = PBXNativeTarget;
			buildConfigurationList = 095BA86929DBA70600FABAA8 /* Build configuration list for PBXNativeTarget "SwinjectDemo" */;
			buildPhases = (
				83A508E1EBEACB687F7AF540 /* [CP] Check Pods Manifest.lock */,
				095BA85129DBA70500FABAA8 /* Sources */,
				095BA85229DBA70500FABAA8 /* Frameworks */,
				095BA85329DBA70500FABAA8 /* Resources */,
				29519EAB52163AAFECAF5F57 /* [CP] Embed Pods Frameworks */,
			);
			buildRules = (
			);
			dependencies = (
			);
			name = SwinjectDemo;
			productName = SwinjectDemo;
			productReference = 095BA85529DBA70500FABAA8 /* SwinjectDemo.app */;
			productType = "com.apple.product-type.application";
		};
/* End PBXNativeTarget section */

/* Begin PBXProject section */
		095BA84D29DBA70500FABAA8 /* Project object */ = {
			isa = PBXProject;
			attributes = {
				BuildIndependentTargetsInParallel = 1;
				LastSwiftUpdateCheck = 1410;
				LastUpgradeCheck = 1410;
				TargetAttributes = {
					095BA85429DBA70500FABAA8 = {
						CreatedOnToolsVersion = 14.1;
					};
				};
			};
			buildConfigurationList = 095BA85029DBA70500FABAA8 /* Build configuration list for PBXProject "SwinjectDemo" */;
			compatibilityVersion = "Xcode 13.0";
			developmentRegion = en;
			hasScannedForEncodings = 0;
			knownRegions = (
				en,
				Base,
			);
			mainGroup = 095BA84C29DBA70500FABAA8;
			productRefGroup = 095BA85629DBA70500FABAA8 /* Products */;
			projectDirPath = "";
			projectRoot = "";
			targets = (
				095BA85429DBA70500FABAA8 /* SwinjectDemo */,
			);
		};
/* End PBXProject section */

/* Begin PBXResourcesBuildPhase section */
		095BA85329DBA70500FABAA8 /* Resources */ = {
			isa = PBXResourcesBuildPhase;
			buildActionMask = 2147483647;
			files = (
				095BA86529DBA70600FABAA8 /* LaunchScreen.storyboard in Resources */,
				095BA86229DBA70600FABAA8 /* Assets.xcassets in Resources */,
				095BA86029DBA70500FABAA8 /* Main.storyboard in Resources */,
			);
			runOnlyForDeploymentPostprocessing = 0;
		};
/* End PBXResourcesBuildPhase section */

/* Begin PBXShellScriptBuildPhase section */
		29519EAB52163AAFECAF5F57 /* [CP] Embed Pods Frameworks */ = {
			isa = PBXShellScriptBuildPhase;
			buildActionMask = 2147483647;
			files = (
			);
			inputFileListPaths = (
				"${PODS_ROOT}/Target Support Files/Pods-SwinjectDemo/Pods-SwinjectDemo-frameworks-${CONFIGURATION}-input-files.xcfilelist",
			);
			name = "[CP] Embed Pods Frameworks";
			outputFileListPaths = (
				"${PODS_ROOT}/Target Support Files/Pods-SwinjectDemo/Pods-SwinjectDemo-frameworks-${CONFIGURATION}-output-files.xcfilelist",
			);
			runOnlyForDeploymentPostprocessing = 0;
			shellPath = /bin/sh;
			shellScript = "\"${PODS_ROOT}/Target Support Files/Pods-SwinjectDemo/Pods-SwinjectDemo-frameworks.sh\"\n";
			showEnvVarsInLog = 0;
		};
		83A508E1EBEACB687F7AF540 /* [CP] Check Pods Manifest.lock */ = {
			isa = PBXShellScriptBuildPhase;
			buildActionMask = 2147483647;
			files = (
			);
			inputFileListPaths = (
			);
			inputPaths = (
				"${PODS_PODFILE_DIR_PATH}/Podfile.lock",
				"${PODS_ROOT}/Manifest.lock",
			);
			name = "[CP] Check Pods Manifest.lock";
			outputFileListPaths = (
			);
			outputPaths = (
				"$(DERIVED_FILE_DIR)/Pods-SwinjectDemo-checkManifestLockResult.txt",
			);
			runOnlyForDeploymentPostprocessing = 0;
			shellPath = /bin/sh;
			shellScript = "diff \"${PODS_PODFILE_DIR_PATH}/Podfile.lock\" \"${PODS_ROOT}/Manifest.lock\" > /dev/null\nif [ $? != 0 ] ; then\n    # print error to STDERR\n    echo \"error: The sandbox is not in sync with the Podfile.lock. Run 'pod install' or update your CocoaPods installation.\" >&2\n    exit 1\nfi\n# This output is used by Xcode 'outputs' to avoid re-running this script phase.\necho \"SUCCESS\" > \"${SCRIPT_OUTPUT_FILE_0}\"\n";
			showEnvVarsInLog = 0;
		};
/* End PBXShellScriptBuildPhase section */

/* Begin PBXSourcesBuildPhase section */
		095BA85129DBA70500FABAA8 /* Sources */ = {
			isa = PBXSourcesBuildPhase;
			buildActionMask = 2147483647;
			files = (
				095BA87229DBAB0E00FABAA8 /* InitializationCallback.swift in Sources */,
				097984EE29EB8E35001ABF5B /* Assembly.swift in Sources */,
				095BA87429DBAC4000FABAA8 /* InjectablePatterns.swift in Sources */,
				095BA86D29DBA85200FABAA8 /* BasicUse.swift in Sources */,
				097984EC29EB86FA001ABF5B /* ContainerHierarchy.swift in Sources */,
				095BA85D29DBA70500FABAA8 /* ViewController.swift in Sources */,
				097984E729EA3E25001ABF5B /* CircleDependencies.swift in Sources */,
				097984E929EA427B001ABF5B /* ObjectScopes.swift in Sources */,
				095BA85929DBA70500FABAA8 /* AppDelegate.swift in Sources */,
				097984F029EB998C001ABF5B /* ThreadSafety.swift in Sources */,
				095BA87029DBAA2400FABAA8 /* NamedRegistration.swift in Sources */,
				2B05FE642A208B5A00E20C0C /* PropertyWrapper.swift in Sources */,
				095BA85B29DBA70500FABAA8 /* SceneDelegate.swift in Sources */,
			);
			runOnlyForDeploymentPostprocessing = 0;
		};
/* End PBXSourcesBuildPhase section */

/* Begin PBXVariantGroup section */
		095BA85E29DBA70500FABAA8 /* Main.storyboard */ = {
			isa = PBXVariantGroup;
			children = (
				095BA85F29DBA70500FABAA8 /* Base */,
			);
			name = Main.storyboard;
			sourceTree = "<group>";
		};
		095BA86329DBA70600FABAA8 /* LaunchScreen.storyboard */ = {
			isa = PBXVariantGroup;
			children = (
				095BA86429DBA70600FABAA8 /* Base */,
			);
			name = LaunchScreen.storyboard;
			sourceTree = "<group>";
		};
/* End PBXVariantGroup section */

/* Begin XCBuildConfiguration section */
		095BA86729DBA70600FABAA8 /* Debug */ = {
			isa = XCBuildConfiguration;
			buildSettings = {
				ALWAYS_SEARCH_USER_PATHS = NO;
				CLANG_ANALYZER_NONNULL = YES;
				CLANG_ANALYZER_NUMBER_OBJECT_CONVERSION = YES_AGGRESSIVE;
				CLANG_CXX_LANGUAGE_STANDARD = "gnu++20";
				CLANG_ENABLE_MODULES = YES;
				CLANG_ENABLE_OBJC_ARC = YES;
				CLANG_ENABLE_OBJC_WEAK = YES;
				CLANG_WARN_BLOCK_CAPTURE_AUTORELEASING = YES;
				CLANG_WARN_BOOL_CONVERSION = YES;
				CLANG_WARN_COMMA = YES;
				CLANG_WARN_CONSTANT_CONVERSION = YES;
				CLANG_WARN_DEPRECATED_OBJC_IMPLEMENTATIONS = YES;
				CLANG_WARN_DIRECT_OBJC_ISA_USAGE = YES_ERROR;
				CLANG_WARN_DOCUMENTATION_COMMENTS = YES;
				CLANG_WARN_EMPTY_BODY = YES;
				CLANG_WARN_ENUM_CONVERSION = YES;
				CLANG_WARN_INFINITE_RECURSION = YES;
				CLANG_WARN_INT_CONVERSION = YES;
				CLANG_WARN_NON_LITERAL_NULL_CONVERSION = YES;
				CLANG_WARN_OBJC_IMPLICIT_RETAIN_SELF = YES;
				CLANG_WARN_OBJC_LITERAL_CONVERSION = YES;
				CLANG_WARN_OBJC_ROOT_CLASS = YES_ERROR;
				CLANG_WARN_QUOTED_INCLUDE_IN_FRAMEWORK_HEADER = YES;
				CLANG_WARN_RANGE_LOOP_ANALYSIS = YES;
				CLANG_WARN_STRICT_PROTOTYPES = YES;
				CLANG_WARN_SUSPICIOUS_MOVE = YES;
				CLANG_WARN_UNGUARDED_AVAILABILITY = YES_AGGRESSIVE;
				CLANG_WARN_UNREACHABLE_CODE = YES;
				CLANG_WARN__DUPLICATE_METHOD_MATCH = YES;
				COPY_PHASE_STRIP = NO;
				DEBUG_INFORMATION_FORMAT = dwarf;
				ENABLE_STRICT_OBJC_MSGSEND = YES;
				ENABLE_TESTABILITY = YES;
				GCC_C_LANGUAGE_STANDARD = gnu11;
				GCC_DYNAMIC_NO_PIC = NO;
				GCC_NO_COMMON_BLOCKS = YES;
				GCC_OPTIMIZATION_LEVEL = 0;
				GCC_PREPROCESSOR_DEFINITIONS = (
					"DEBUG=1",
					"$(inherited)",
				);
				GCC_WARN_64_TO_32_BIT_CONVERSION = YES;
				GCC_WARN_ABOUT_RETURN_TYPE = YES_ERROR;
				GCC_WARN_UNDECLARED_SELECTOR = YES;
				GCC_WARN_UNINITIALIZED_AUTOS = YES_AGGRESSIVE;
				GCC_WARN_UNUSED_FUNCTION = YES;
				GCC_WARN_UNUSED_VARIABLE = YES;
				IPHONEOS_DEPLOYMENT_TARGET = 16.1;
				MTL_ENABLE_DEBUG_INFO = INCLUDE_SOURCE;
				MTL_FAST_MATH = YES;
				ONLY_ACTIVE_ARCH = YES;
				SDKROOT = iphoneos;
				SWIFT_ACTIVE_COMPILATION_CONDITIONS = DEBUG;
				SWIFT_OPTIMIZATION_LEVEL = "-Onone";
			};
			name = Debug;
		};
		095BA86829DBA70600FABAA8 /* Release */ = {
			isa = XCBuildConfiguration;
			buildSettings = {
				ALWAYS_SEARCH_USER_PATHS = NO;
				CLANG_ANALYZER_NONNULL = YES;
				CLANG_ANALYZER_NUMBER_OBJECT_CONVERSION = YES_AGGRESSIVE;
				CLANG_CXX_LANGUAGE_STANDARD = "gnu++20";
				CLANG_ENABLE_MODULES = YES;
				CLANG_ENABLE_OBJC_ARC = YES;
				CLANG_ENABLE_OBJC_WEAK = YES;
				CLANG_WARN_BLOCK_CAPTURE_AUTORELEASING = YES;
				CLANG_WARN_BOOL_CONVERSION = YES;
				CLANG_WARN_COMMA = YES;
				CLANG_WARN_CONSTANT_CONVERSION = YES;
				CLANG_WARN_DEPRECATED_OBJC_IMPLEMENTATIONS = YES;
				CLANG_WARN_DIRECT_OBJC_ISA_USAGE = YES_ERROR;
				CLANG_WARN_DOCUMENTATION_COMMENTS = YES;
				CLANG_WARN_EMPTY_BODY = YES;
				CLANG_WARN_ENUM_CONVERSION = YES;
				CLANG_WARN_INFINITE_RECURSION = YES;
				CLANG_WARN_INT_CONVERSION = YES;
				CLANG_WARN_NON_LITERAL_NULL_CONVERSION = YES;
				CLANG_WARN_OBJC_IMPLICIT_RETAIN_SELF = YES;
				CLANG_WARN_OBJC_LITERAL_CONVERSION = YES;
				CLANG_WARN_OBJC_ROOT_CLASS = YES_ERROR;
				CLANG_WARN_QUOTED_INCLUDE_IN_FRAMEWORK_HEADER = YES;
				CLANG_WARN_RANGE_LOOP_ANALYSIS = YES;
				CLANG_WARN_STRICT_PROTOTYPES = YES;
				CLANG_WARN_SUSPICIOUS_MOVE = YES;
				CLANG_WARN_UNGUARDED_AVAILABILITY = YES_AGGRESSIVE;
				CLANG_WARN_UNREACHABLE_CODE = YES;
				CLANG_WARN__DUPLICATE_METHOD_MATCH = YES;
				COPY_PHASE_STRIP = NO;
				DEBUG_INFORMATION_FORMAT = "dwarf-with-dsym";
				ENABLE_NS_ASSERTIONS = NO;
				ENABLE_STRICT_OBJC_MSGSEND = YES;
				GCC_C_LANGUAGE_STANDARD = gnu11;
				GCC_NO_COMMON_BLOCKS = YES;
				GCC_WARN_64_TO_32_BIT_CONVERSION = YES;
				GCC_WARN_ABOUT_RETURN_TYPE = YES_ERROR;
				GCC_WARN_UNDECLARED_SELECTOR = YES;
				GCC_WARN_UNINITIALIZED_AUTOS = YES_AGGRESSIVE;
				GCC_WARN_UNUSED_FUNCTION = YES;
				GCC_WARN_UNUSED_VARIABLE = YES;
				IPHONEOS_DEPLOYMENT_TARGET = 16.1;
				MTL_ENABLE_DEBUG_INFO = NO;
				MTL_FAST_MATH = YES;
				SDKROOT = iphoneos;
				SWIFT_COMPILATION_MODE = wholemodule;
				SWIFT_OPTIMIZATION_LEVEL = "-O";
				VALIDATE_PRODUCT = YES;
			};
			name = Release;
		};
		095BA86A29DBA70600FABAA8 /* Debug */ = {
			isa = XCBuildConfiguration;
			baseConfigurationReference = 6BFF41A72BC0F82E41F6E169 /* Pods-SwinjectDemo.debug.xcconfig */;
			buildSettings = {
				ASSETCATALOG_COMPILER_APPICON_NAME = AppIcon;
				ASSETCATALOG_COMPILER_GLOBAL_ACCENT_COLOR_NAME = AccentColor;
				CODE_SIGN_STYLE = Automatic;
				CURRENT_PROJECT_VERSION = 1;
				GENERATE_INFOPLIST_FILE = YES;
				INFOPLIST_FILE = SwinjectDemo/Info.plist;
				INFOPLIST_KEY_UIApplicationSupportsIndirectInputEvents = YES;
				INFOPLIST_KEY_UILaunchStoryboardName = LaunchScreen;
				INFOPLIST_KEY_UIMainStoryboardFile = Main;
				INFOPLIST_KEY_UISupportedInterfaceOrientations_iPad = "UIInterfaceOrientationPortrait UIInterfaceOrientationPortraitUpsideDown UIInterfaceOrientationLandscapeLeft UIInterfaceOrientationLandscapeRight";
				INFOPLIST_KEY_UISupportedInterfaceOrientations_iPhone = "UIInterfaceOrientationPortrait UIInterfaceOrientationLandscapeLeft UIInterfaceOrientationLandscapeRight";
				LD_RUNPATH_SEARCH_PATHS = (
					"$(inherited)",
					"@executable_path/Frameworks",
				);
				MARKETING_VERSION = 1.0;
				PRODUCT_BUNDLE_IDENTIFIER = com.keyl.SwinjectDemo;
				PRODUCT_NAME = "$(TARGET_NAME)";
				SWIFT_EMIT_LOC_STRINGS = YES;
				SWIFT_VERSION = 5.0;
				TARGETED_DEVICE_FAMILY = "1,2";
			};
			name = Debug;
		};
		095BA86B29DBA70600FABAA8 /* Release */ = {
			isa = XCBuildConfiguration;
			baseConfigurationReference = 0124933DAC0909452C7C4FD5 /* Pods-SwinjectDemo.release.xcconfig */;
			buildSettings = {
				ASSETCATALOG_COMPILER_APPICON_NAME = AppIcon;
				ASSETCATALOG_COMPILER_GLOBAL_ACCENT_COLOR_NAME = AccentColor;
				CODE_SIGN_STYLE = Automatic;
				CURRENT_PROJECT_VERSION = 1;
				GENERATE_INFOPLIST_FILE = YES;
				INFOPLIST_FILE = SwinjectDemo/Info.plist;
				INFOPLIST_KEY_UIApplicationSupportsIndirectInputEvents = YES;
				INFOPLIST_KEY_UILaunchStoryboardName = LaunchScreen;
				INFOPLIST_KEY_UIMainStoryboardFile = Main;
				INFOPLIST_KEY_UISupportedInterfaceOrientations_iPad = "UIInterfaceOrientationPortrait UIInterfaceOrientationPortraitUpsideDown UIInterfaceOrientationLandscapeLeft UIInterfaceOrientationLandscapeRight";
				INFOPLIST_KEY_UISupportedInterfaceOrientations_iPhone = "UIInterfaceOrientationPortrait UIInterfaceOrientationLandscapeLeft UIInterfaceOrientationLandscapeRight";
				LD_RUNPATH_SEARCH_PATHS = (
					"$(inherited)",
					"@executable_path/Frameworks",
				);
				MARKETING_VERSION = 1.0;
				PRODUCT_BUNDLE_IDENTIFIER = com.keyl.SwinjectDemo;
				PRODUCT_NAME = "$(TARGET_NAME)";
				SWIFT_EMIT_LOC_STRINGS = YES;
				SWIFT_VERSION = 5.0;
				TARGETED_DEVICE_FAMILY = "1,2";
			};
			name = Release;
		};
/* End XCBuildConfiguration section */

/* Begin XCConfigurationList section */
		095BA85029DBA70500FABAA8 /* Build configuration list for PBXProject "SwinjectDemo" */ = {
			isa = XCConfigurationList;
			buildConfigurations = (
				095BA86729DBA70600FABAA8 /* Debug */,
				095BA86829DBA70600FABAA8 /* Release */,
			);
			defaultConfigurationIsVisible = 0;
			defaultConfigurationName = Release;
		};
		095BA86929DBA70600FABAA8 /* Build configuration list for PBXNativeTarget "SwinjectDemo" */ = {
			isa = XCConfigurationList;
			buildConfigurations = (
				095BA86A29DBA70600FABAA8 /* Debug */,
				095BA86B29DBA70600FABAA8 /* Release */,
			);
			defaultConfigurationIsVisible = 0;
			defaultConfigurationName = Release;
		};
/* End XCConfigurationList section */
	};
	rootObject = 095BA84D29DBA70500FABAA8 /* Project object */;
}
